
Microsoft Visual Studio Solution File, Format Version 12.00
# Visual Studio Version 16
VisualStudioVersion = 16.0.29411.108
MinimumVisualStudioVersion = 10.0.40219.1
Project("{FAE04EC0-301F-11D3-BF4B-00C04F79EFBC}") = "Rekrutacja1", "Rekrutacja1\Rekrutacja1.csproj", "{5398887A-83E4-45B5-BB57-8B7E75955E08}"
EndProject
Global
	GlobalSection(SolutionConfigurationPlatforms) = preSolution
		Debug|Any CPU = Debug|Any CPU
		Release|Any CPU = Release|Any CPU
	EndGlobalSection
	GlobalSection(ProjectConfigurationPlatforms) = postSolution
		{5398887A-83E4-45B5-BB57-8B7E75955E08}.Debug|Any CPU.ActiveCfg = Debug|Any CPU
		{5398887A-83E4-45B5-BB57-8B7E75955E08}.Debug|Any CPU.Build.0 = Debug|Any CPU
		{5398887A-83E4-45B5-BB57-8B7E75955E08}.Release|Any CPU.ActiveCfg = Release|Any CPU
		{5398887A-83E4-45B5-BB57-8B7E75955E08}.Release|Any CPU.Build.0 = Release|Any CPU
	EndGlobalSection
	GlobalSection(SolutionProperties) = preSolution
		HideSolutionNode = FALSE
	EndGlobalSection
	GlobalSection(ExtensibilityGlobals) = postSolution
		SolutionGuid = {A24B2D0D-5A6F-40DA-B005-13928E3FFDE9}
	EndGlobalSection
EndGlobal
